
Microsoft Visual Studio Solution File, Format Version 12.00
# Visual Studio Version 17
VisualStudioVersion = 17.5.33516.290
MinimumVisualStudioVersion = 10.0.40219.1
Project("{FAE04EC0-301F-11D3-BF4B-00C04F79EFBC}") = "API", "API\API.csproj", "{F109AEB4-150A-4D2F-94AD-8FB571F55D49}"
EndProject
Global
	GlobalSection(SolutionConfigurationPlatforms) = preSolution
		Debug|Any CPU = Debug|Any CPU
		Release|Any CPU = Release|Any CPU
	EndGlobalSection
	GlobalSection(ProjectConfigurationPlatforms) = postSolution
		{F109AEB4-150A-4D2F-94AD-8FB571F55D49}.Debug|Any CPU.ActiveCfg = Debug|Any CPU
		{F109AEB4-150A-4D2F-94AD-8FB571F55D49}.Debug|Any CPU.Build.0 = Debug|Any CPU
		{F109AEB4-150A-4D2F-94AD-8FB571F55D49}.Release|Any CPU.ActiveCfg = Release|Any CPU
		{F109AEB4-150A-4D2F-94AD-8FB571F55D49}.Release|Any CPU.Build.0 = Release|Any CPU
	EndGlobalSection
	GlobalSection(SolutionProperties) = preSolution
		HideSolutionNode = FALSE
	EndGlobalSection
	GlobalSection(ExtensibilityGlobals) = postSolution
		SolutionGuid = {DB917C33-01C8-4586-9A84-D0AC40EFD52C}
	EndGlobalSection
EndGlobal
